// !$*UTF8*$!
{
	archiveVersion = 1;
	classes = {
	};
	objectVersion = 55;
	objects = {

/* Begin PBXBuildFile section */
		923BA32E28A44CAB0005251F /* AppDelegate.swift in Sources */ = {isa = PBXBuildFile; fileRef = 923BA32D28A44CAB0005251F /* AppDelegate.swift */; };
		923BA33028A44CAB0005251F /* SceneDelegate.swift in Sources */ = {isa = PBXBuildFile; fileRef = 923BA32F28A44CAB0005251F /* SceneDelegate.swift */; };
		923BA33228A44CAB0005251F /* ViewController.swift in Sources */ = {isa = PBXBuildFile; fileRef = 923BA33128A44CAB0005251F /* ViewController.swift */; };
		923BA33528A44CAB0005251F /* Main.storyboard in Resources */ = {isa = PBXBuildFile; fileRef = 923BA33328A44CAB0005251F /* Main.storyboard */; };
		923BA33728A44CAC0005251F /* Assets.xcassets in Resources */ = {isa = PBXBuildFile; fileRef = 923BA33628A44CAC0005251F /* Assets.xcassets */; };
		923BA33A28A44CAC0005251F /* LaunchScreen.storyboard in Resources */ = {isa = PBXBuildFile; fileRef = 923BA33828A44CAC0005251F /* LaunchScreen.storyboard */; };
		923BA34928A457190005251F /* LogInViewController.swift in Sources */ = {isa = PBXBuildFile; fileRef = 923BA34828A457190005251F /* LogInViewController.swift */; };
		92BEEB2128A8A7920043F31B /* RegisterViewController.swift in Sources */ = {isa = PBXBuildFile; fileRef = 92BEEB2028A8A7920043F31B /* RegisterViewController.swift */; };
		92FEA4A028A47A8200E4B4B1 /* Extensions.swift in Sources */ = {isa = PBXBuildFile; fileRef = 92FEA49F28A47A8200E4B4B1 /* Extensions.swift */; };
		92FEA4A428A481AE00E4B4B1 /* ImageView.swift in Sources */ = {isa = PBXBuildFile; fileRef = 92FEA4A328A481AE00E4B4B1 /* ImageView.swift */; };
/* End PBXBuildFile section */

/* Begin PBXFileReference section */
		923BA32A28A44CAB0005251F /* iChat.app */ = {isa = PBXFileReference; explicitFileType = wrapper.application; includeInIndex = 0; path = iChat.app; sourceTree = BUILT_PRODUCTS_DIR; };
		923BA32D28A44CAB0005251F /* AppDelegate.swift */ = {isa = PBXFileReference; lastKnownFileType = sourcecode.swift; path = AppDelegate.swift; sourceTree = "<group>"; };
		923BA32F28A44CAB0005251F /* SceneDelegate.swift */ = {isa = PBXFileReference; lastKnownFileType = sourcecode.swift; path = SceneDelegate.swift; sourceTree = "<group>"; };
		923BA33128A44CAB0005251F /* ViewController.swift */ = {isa = PBXFileReference; lastKnownFileType = sourcecode.swift; path = ViewController.swift; sourceTree = "<group>"; };
		923BA33428A44CAB0005251F /* Base */ = {isa = PBXFileReference; lastKnownFileType = file.storyboard; name = Base; path = Base.lproj/Main.storyboard; sourceTree = "<group>"; };
		923BA33628A44CAC0005251F /* Assets.xcassets */ = {isa = PBXFileReference; lastKnownFileType = folder.assetcatalog; path = Assets.xcassets; sourceTree = "<group>"; };
		923BA33928A44CAC0005251F /* Base */ = {isa = PBXFileReference; lastKnownFileType = file.storyboard; name = Base; path = Base.lproj/LaunchScreen.storyboard; sourceTree = "<group>"; };
		923BA33B28A44CAC0005251F /* Info.plist */ = {isa = PBXFileReference; lastKnownFileType = text.plist.xml; path = Info.plist; sourceTree = "<group>"; };
		923BA34828A457190005251F /* LogInViewController.swift */ = {isa = PBXFileReference; lastKnownFileType = sourcecode.swift; path = LogInViewController.swift; sourceTree = "<group>"; };
		92BEEB2028A8A7920043F31B /* RegisterViewController.swift */ = {isa = PBXFileReference; lastKnownFileType = sourcecode.swift; path = RegisterViewController.swift; sourceTree = "<group>"; };
		92FEA49F28A47A8200E4B4B1 /* Extensions.swift */ = {isa = PBXFileReference; lastKnownFileType = sourcecode.swift; path = Extensions.swift; sourceTree = "<group>"; };
		92FEA4A328A481AE00E4B4B1 /* ImageView.swift */ = {isa = PBXFileReference; lastKnownFileType = sourcecode.swift; path = ImageView.swift; sourceTree = "<group>"; };
/* End PBXFileReference section */

/* Begin PBXFrameworksBuildPhase section */
		923BA32728A44CAB0005251F /* Frameworks */ = {
			isa = PBXFrameworksBuildPhase;
			buildActionMask = 2147483647;
			files = (
			);
			runOnlyForDeploymentPostprocessing = 0;
		};
/* End PBXFrameworksBuildPhase section */

/* Begin PBXGroup section */
		923BA32128A44CAB0005251F = {
			isa = PBXGroup;
			children = (
				923BA32C28A44CAB0005251F /* iChat */,
				923BA32B28A44CAB0005251F /* Products */,
			);
			sourceTree = "<group>";
		};
		923BA32B28A44CAB0005251F /* Products */ = {
			isa = PBXGroup;
			children = (
				923BA32A28A44CAB0005251F /* iChat.app */,
			);
			name = Products;
			sourceTree = "<group>";
		};
		923BA32C28A44CAB0005251F /* iChat */ = {
			isa = PBXGroup;
			children = (
				923BA34728A44EB80005251F /* Resources */,
				923BA34128A44E7D0005251F /* Model */,
				923BA34328A44E920005251F /* View */,
				923BA34428A44E9B0005251F /* Controller */,
				923BA33B28A44CAC0005251F /* Info.plist */,
			);
			path = iChat;
			sourceTree = "<group>";
		};
		923BA34128A44E7D0005251F /* Model */ = {
			isa = PBXGroup;
			children = (
			);
			path = Model;
			sourceTree = "<group>";
		};
		923BA34328A44E920005251F /* View */ = {
			isa = PBXGroup;
			children = (
				923BA33328A44CAB0005251F /* Main.storyboard */,
				923BA33628A44CAC0005251F /* Assets.xcassets */,
				923BA33828A44CAC0005251F /* LaunchScreen.storyboard */,
				92FEA4A328A481AE00E4B4B1 /* ImageView.swift */,
			);
			path = View;
			sourceTree = "<group>";
		};
		923BA34428A44E9B0005251F /* Controller */ = {
			isa = PBXGroup;
			children = (
				923BA33128A44CAB0005251F /* ViewController.swift */,
				923BA34828A457190005251F /* LogInViewController.swift */,
				92BEEB2028A8A7920043F31B /* RegisterViewController.swift */,
			);
			path = Controller;
			sourceTree = "<group>";
		};
		923BA34728A44EB80005251F /* Resources */ = {
			isa = PBXGroup;
			children = (
				923BA32D28A44CAB0005251F /* AppDelegate.swift */,
				923BA32F28A44CAB0005251F /* SceneDelegate.swift */,
				92FEA49F28A47A8200E4B4B1 /* Extensions.swift */,
			);
			path = Resources;
			sourceTree = "<group>";
		};
/* End PBXGroup section */

/* Begin PBXNativeTarget section */
		923BA32928A44CAB0005251F /* iChat */ = {
			isa = PBXNativeTarget;
			buildConfigurationList = 923BA33E28A44CAC0005251F /* Build configuration list for PBXNativeTarget "iChat" */;
			buildPhases = (
				923BA32628A44CAB0005251F /* Sources */,
				923BA32728A44CAB0005251F /* Frameworks */,
				923BA32828A44CAB0005251F /* Resources */,
			);
			buildRules = (
			);
			dependencies = (
			);
			name = iChat;
			productName = iChat;
			productReference = 923BA32A28A44CAB0005251F /* iChat.app */;
			productType = "com.apple.product-type.application";
		};
/* End PBXNativeTarget section */

/* Begin PBXProject section */
		923BA32228A44CAB0005251F /* Project object */ = {
			isa = PBXProject;
			attributes = {
				BuildIndependentTargetsInParallel = 1;
				LastSwiftUpdateCheck = 1340;
				LastUpgradeCheck = 1340;
				TargetAttributes = {
					923BA32928A44CAB0005251F = {
						CreatedOnToolsVersion = 13.4.1;
					};
				};
			};
			buildConfigurationList = 923BA32528A44CAB0005251F /* Build configuration list for PBXProject "iChat" */;
			compatibilityVersion = "Xcode 13.0";
			developmentRegion = en;
			hasScannedForEncodings = 0;
			knownRegions = (
				en,
				Base,
			);
			mainGroup = 923BA32128A44CAB0005251F;
			productRefGroup = 923BA32B28A44CAB0005251F /* Products */;
			projectDirPath = "";
			projectRoot = "";
			targets = (
				923BA32928A44CAB0005251F /* iChat */,
			);
		};
/* End PBXProject section */

/* Begin PBXResourcesBuildPhase section */
		923BA32828A44CAB0005251F /* Resources */ = {
			isa = PBXResourcesBuildPhase;
			buildActionMask = 2147483647;
			files = (
				923BA33A28A44CAC0005251F /* LaunchScreen.storyboard in Resources */,
				923BA33728A44CAC0005251F /* Assets.xcassets in Resources */,
				923BA33528A44CAB0005251F /* Main.storyboard in Resources */,
			);
			runOnlyForDeploymentPostprocessing = 0;
		};
/* End PBXResourcesBuildPhase section */

/* Begin PBXSourcesBuildPhase section */
		923BA32628A44CAB0005251F /* Sources */ = {
			isa = PBXSourcesBuildPhase;
			buildActionMask = 2147483647;
			files = (
				92FEA4A428A481AE00E4B4B1 /* ImageView.swift in Sources */,
				92FEA4A028A47A8200E4B4B1 /* Extensions.swift in Sources */,
				92BEEB2128A8A7920043F31B /* RegisterViewController.swift in Sources */,
				923BA34928A457190005251F /* LogInViewController.swift in Sources */,
				923BA33228A44CAB0005251F /* ViewController.swift in Sources */,
				923BA32E28A44CAB0005251F /* AppDelegate.swift in Sources */,
				923BA33028A44CAB0005251F /* SceneDelegate.swift in Sources */,
			);
			runOnlyForDeploymentPostprocessing = 0;
		};
/* End PBXSourcesBuildPhase section */

/* Begin PBXVariantGroup section */
		923BA33328A44CAB0005251F /* Main.storyboard */ = {
			isa = PBXVariantGroup;
			children = (
				923BA33428A44CAB0005251F /* Base */,
			);
			name = Main.storyboard;
			sourceTree = "<group>";
		};
		923BA33828A44CAC0005251F /* LaunchScreen.storyboard */ = {
			isa = PBXVariantGroup;
			children = (
				923BA33928A44CAC0005251F /* Base */,
			);
			name = LaunchScreen.storyboard;
			sourceTree = "<group>";
		};
/* End PBXVariantGroup section */

/* Begin XCBuildConfiguration section */
		923BA33C28A44CAC0005251F /* Debug */ = {
			isa = XCBuildConfiguration;
			buildSettings = {
				ALWAYS_SEARCH_USER_PATHS = NO;
				CLANG_ANALYZER_NONNULL = YES;
				CLANG_ANALYZER_NUMBER_OBJECT_CONVERSION = YES_AGGRESSIVE;
				CLANG_CXX_LANGUAGE_STANDARD = "gnu++17";
				CLANG_ENABLE_MODULES = YES;
				CLANG_ENABLE_OBJC_ARC = YES;
				CLANG_ENABLE_OBJC_WEAK = YES;
				CLANG_WARN_BLOCK_CAPTURE_AUTORELEASING = YES;
				CLANG_WARN_BOOL_CONVERSION = YES;
				CLANG_WARN_COMMA = YES;
				CLANG_WARN_CONSTANT_CONVERSION = YES;
				CLANG_WARN_DEPRECATED_OBJC_IMPLEMENTATIONS = YES;
				CLANG_WARN_DIRECT_OBJC_ISA_USAGE = YES_ERROR;
				CLANG_WARN_DOCUMENTATION_COMMENTS = YES;
				CLANG_WARN_EMPTY_BODY = YES;
				CLANG_WARN_ENUM_CONVERSION = YES;
				CLANG_WARN_INFINITE_RECURSION = YES;
				CLANG_WARN_INT_CONVERSION = YES;
				CLANG_WARN_NON_LITERAL_NULL_CONVERSION = YES;
				CLANG_WARN_OBJC_IMPLICIT_RETAIN_SELF = YES;
				CLANG_WARN_OBJC_LITERAL_CONVERSION = YES;
				CLANG_WARN_OBJC_ROOT_CLASS = YES_ERROR;
				CLANG_WARN_QUOTED_INCLUDE_IN_FRAMEWORK_HEADER = YES;
				CLANG_WARN_RANGE_LOOP_ANALYSIS = YES;
				CLANG_WARN_STRICT_PROTOTYPES = YES;
				CLANG_WARN_SUSPICIOUS_MOVE = YES;
				CLANG_WARN_UNGUARDED_AVAILABILITY = YES_AGGRESSIVE;
				CLANG_WARN_UNREACHABLE_CODE = YES;
				CLANG_WARN__DUPLICATE_METHOD_MATCH = YES;
				COPY_PHASE_STRIP = NO;
				DEBUG_INFORMATION_FORMAT = dwarf;
				ENABLE_STRICT_OBJC_MSGSEND = YES;
				ENABLE_TESTABILITY = YES;
				GCC_C_LANGUAGE_STANDARD = gnu11;
				GCC_DYNAMIC_NO_PIC = NO;
				GCC_NO_COMMON_BLOCKS = YES;
				GCC_OPTIMIZATION_LEVEL = 0;
				GCC_PREPROCESSOR_DEFINITIONS = (
					"DEBUG=1",
					"$(inherited)",
				);
				GCC_WARN_64_TO_32_BIT_CONVERSION = YES;
				GCC_WARN_ABOUT_RETURN_TYPE = YES_ERROR;
				GCC_WARN_UNDECLARED_SELECTOR = YES;
				GCC_WARN_UNINITIALIZED_AUTOS = YES_AGGRESSIVE;
				GCC_WARN_UNUSED_FUNCTION = YES;
				GCC_WARN_UNUSED_VARIABLE = YES;
				IPHONEOS_DEPLOYMENT_TARGET = 15.5;
				MTL_ENABLE_DEBUG_INFO = INCLUDE_SOURCE;
				MTL_FAST_MATH = YES;
				ONLY_ACTIVE_ARCH = YES;
				SDKROOT = iphoneos;
				SWIFT_ACTIVE_COMPILATION_CONDITIONS = DEBUG;
				SWIFT_OPTIMIZATION_LEVEL = "-Onone";
			};
			name = Debug;
		};
		923BA33D28A44CAC0005251F /* Release */ = {
			isa = XCBuildConfiguration;
			buildSettings = {
				ALWAYS_SEARCH_USER_PATHS = NO;
				CLANG_ANALYZER_NONNULL = YES;
				CLANG_ANALYZER_NUMBER_OBJECT_CONVERSION = YES_AGGRESSIVE;
				CLANG_CXX_LANGUAGE_STANDARD = "gnu++17";
				CLANG_ENABLE_MODULES = YES;
				CLANG_ENABLE_OBJC_ARC = YES;
				CLANG_ENABLE_OBJC_WEAK = YES;
				CLANG_WARN_BLOCK_CAPTURE_AUTORELEASING = YES;
				CLANG_WARN_BOOL_CONVERSION = YES;
				CLANG_WARN_COMMA = YES;
				CLANG_WARN_CONSTANT_CONVERSION = YES;
				CLANG_WARN_DEPRECATED_OBJC_IMPLEMENTATIONS = YES;
				CLANG_WARN_DIRECT_OBJC_ISA_USAGE = YES_ERROR;
				CLANG_WARN_DOCUMENTATION_COMMENTS = YES;
				CLANG_WARN_EMPTY_BODY = YES;
				CLANG_WARN_ENUM_CONVERSION = YES;
				CLANG_WARN_INFINITE_RECURSION = YES;
				CLANG_WARN_INT_CONVERSION = YES;
				CLANG_WARN_NON_LITERAL_NULL_CONVERSION = YES;
				CLANG_WARN_OBJC_IMPLICIT_RETAIN_SELF = YES;
				CLANG_WARN_OBJC_LITERAL_CONVERSION = YES;
				CLANG_WARN_OBJC_ROOT_CLASS = YES_ERROR;
				CLANG_WARN_QUOTED_INCLUDE_IN_FRAMEWORK_HEADER = YES;
				CLANG_WARN_RANGE_LOOP_ANALYSIS = YES;
				CLANG_WARN_STRICT_PROTOTYPES = YES;
				CLANG_WARN_SUSPICIOUS_MOVE = YES;
				CLANG_WARN_UNGUARDED_AVAILABILITY = YES_AGGRESSIVE;
				CLANG_WARN_UNREACHABLE_CODE = YES;
				CLANG_WARN__DUPLICATE_METHOD_MATCH = YES;
				COPY_PHASE_STRIP = NO;
				DEBUG_INFORMATION_FORMAT = "dwarf-with-dsym";
				ENABLE_NS_ASSERTIONS = NO;
				ENABLE_STRICT_OBJC_MSGSEND = YES;
				GCC_C_LANGUAGE_STANDARD = gnu11;
				GCC_NO_COMMON_BLOCKS = YES;
				GCC_WARN_64_TO_32_BIT_CONVERSION = YES;
				GCC_WARN_ABOUT_RETURN_TYPE = YES_ERROR;
				GCC_WARN_UNDECLARED_SELECTOR = YES;
				GCC_WARN_UNINITIALIZED_AUTOS = YES_AGGRESSIVE;
				GCC_WARN_UNUSED_FUNCTION = YES;
				GCC_WARN_UNUSED_VARIABLE = YES;
				IPHONEOS_DEPLOYMENT_TARGET = 15.5;
				MTL_ENABLE_DEBUG_INFO = NO;
				MTL_FAST_MATH = YES;
				SDKROOT = iphoneos;
				SWIFT_COMPILATION_MODE = wholemodule;
				SWIFT_OPTIMIZATION_LEVEL = "-O";
				VALIDATE_PRODUCT = YES;
			};
			name = Release;
		};
		923BA33F28A44CAC0005251F /* Debug */ = {
			isa = XCBuildConfiguration;
			buildSettings = {
				ASSETCATALOG_COMPILER_APPICON_NAME = AppIcon;
				ASSETCATALOG_COMPILER_GLOBAL_ACCENT_COLOR_NAME = AccentColor;
				CODE_SIGN_STYLE = Automatic;
				CURRENT_PROJECT_VERSION = 1;
				DEVELOPMENT_TEAM = CX384TT6P4;
				GENERATE_INFOPLIST_FILE = YES;
				INFOPLIST_FILE = iChat/Info.plist;
				INFOPLIST_KEY_UIApplicationSupportsIndirectInputEvents = YES;
				INFOPLIST_KEY_UILaunchStoryboardName = LaunchScreen;
				INFOPLIST_KEY_UIMainStoryboardFile = Main;
				INFOPLIST_KEY_UISupportedInterfaceOrientations = UIInterfaceOrientationPortrait;
				INFOPLIST_KEY_UISupportedInterfaceOrientations_iPad = "UIInterfaceOrientationPortrait UIInterfaceOrientationPortraitUpsideDown UIInterfaceOrientationLandscapeLeft UIInterfaceOrientationLandscapeRight";
				INFOPLIST_KEY_UISupportedInterfaceOrientations_iPhone = "UIInterfaceOrientationPortrait UIInterfaceOrientationLandscapeLeft UIInterfaceOrientationLandscapeRight";
				IPHONEOS_DEPLOYMENT_TARGET = 14.0;
				LD_RUNPATH_SEARCH_PATHS = (
					"$(inherited)",
					"@executable_path/Frameworks",
				);
				MARKETING_VERSION = 1.0;
				PRODUCT_BUNDLE_IDENTIFIER = AMS.iChat;
				PRODUCT_NAME = "$(TARGET_NAME)";
				SWIFT_EMIT_LOC_STRINGS = YES;
				SWIFT_VERSION = 5.0;
				TARGETED_DEVICE_FAMILY = "1,2";
			};
			name = Debug;
		};
		923BA34028A44CAC0005251F /* Release */ = {
			isa = XCBuildConfiguration;
			buildSettings = {
				ASSETCATALOG_COMPILER_APPICON_NAME = AppIcon;
				ASSETCATALOG_COMPILER_GLOBAL_ACCENT_COLOR_NAME = AccentColor;
				CODE_SIGN_STYLE = Automatic;
				CURRENT_PROJECT_VERSION = 1;
				DEVELOPMENT_TEAM = CX384TT6P4;
				GENERATE_INFOPLIST_FILE = YES;
				INFOPLIST_FILE = iChat/Info.plist;
				INFOPLIST_KEY_UIApplicationSupportsIndirectInputEvents = YES;
				INFOPLIST_KEY_UILaunchStoryboardName = LaunchScreen;
				INFOPLIST_KEY_UIMainStoryboardFile = Main;
				INFOPLIST_KEY_UISupportedInterfaceOrientations = UIInterfaceOrientationPortrait;
				INFOPLIST_KEY_UISupportedInterfaceOrientations_iPad = "UIInterfaceOrientationPortrait UIInterfaceOrientationPortraitUpsideDown UIInterfaceOrientationLandscapeLeft UIInterfaceOrientationLandscapeRight";
				INFOPLIST_KEY_UISupportedInterfaceOrientations_iPhone = "UIInterfaceOrientationPortrait UIInterfaceOrientationLandscapeLeft UIInterfaceOrientationLandscapeRight";
				IPHONEOS_DEPLOYMENT_TARGET = 14.0;
				LD_RUNPATH_SEARCH_PATHS = (
					"$(inherited)",
					"@executable_path/Frameworks",
				);
				MARKETING_VERSION = 1.0;
				PRODUCT_BUNDLE_IDENTIFIER = AMS.iChat;
				PRODUCT_NAME = "$(TARGET_NAME)";
				SWIFT_EMIT_LOC_STRINGS = YES;
				SWIFT_VERSION = 5.0;
				TARGETED_DEVICE_FAMILY = "1,2";
			};
			name = Release;
		};
/* End XCBuildConfiguration section */

/* Begin XCConfigurationList section */
		923BA32528A44CAB0005251F /* Build configuration list for PBXProject "iChat" */ = {
			isa = XCConfigurationList;
			buildConfigurations = (
				923BA33C28A44CAC0005251F /* Debug */,
				923BA33D28A44CAC0005251F /* Release */,
			);
			defaultConfigurationIsVisible = 0;
			defaultConfigurationName = Release;
		};
		923BA33E28A44CAC0005251F /* Build configuration list for PBXNativeTarget "iChat" */ = {
			isa = XCConfigurationList;
			buildConfigurations = (
				923BA33F28A44CAC0005251F /* Debug */,
				923BA34028A44CAC0005251F /* Release */,
			);
			defaultConfigurationIsVisible = 0;
			defaultConfigurationName = Release;
		};
/* End XCConfigurationList section */
	};
	rootObject = 923BA32228A44CAB0005251F /* Project object */;
}
